// !$*UTF8*$!
{
	archiveVersion = 1;
	classes = {
	};
	objectVersion = 46;
	objects = {

/* Begin PBXBuildFile section */
		1DF1B5274FB2F2F1B8B028EC /* Pods_My_Thrive.framework in Frameworks */ = {isa = PBXBuildFile; fileRef = 273A3913AC4EAA8E745A41C1 /* Pods_My_Thrive.framework */; };
		2C8862845A40452631C0A46C /* Pods_My_Thrive_Watch_Extension.framework in Frameworks */ = {isa = PBXBuildFile; fileRef = AD27323B8556A511643F5245 /* Pods_My_Thrive_Watch_Extension.framework */; };
		5E737B94601E8260FFBBC700 /* Pods_My_ThriveUITests.framework in Frameworks */ = {isa = PBXBuildFile; fileRef = 69D9B36A71E8829C19CE7251 /* Pods_My_ThriveUITests.framework */; };
		9F0C54EB1F24F7E5003A12E4 /* AppDelegate.swift in Sources */ = {isa = PBXBuildFile; fileRef = 9F0C54EA1F24F7E5003A12E4 /* AppDelegate.swift */; };
		9F0C54F31F24F7E5003A12E4 /* My_Thrive.xcdatamodeld in Sources */ = {isa = PBXBuildFile; fileRef = 9F0C54F11F24F7E5003A12E4 /* My_Thrive.xcdatamodeld */; };
		9F0C54F51F24F7E5003A12E4 /* Assets.xcassets in Resources */ = {isa = PBXBuildFile; fileRef = 9F0C54F41F24F7E5003A12E4 /* Assets.xcassets */; };
		9F0C54F81F24F7E5003A12E4 /* LaunchScreen.storyboard in Resources */ = {isa = PBXBuildFile; fileRef = 9F0C54F61F24F7E5003A12E4 /* LaunchScreen.storyboard */; };
		9F0C55031F24F7E6003A12E4 /* My_ThriveTests.swift in Sources */ = {isa = PBXBuildFile; fileRef = 9F0C55021F24F7E6003A12E4 /* My_ThriveTests.swift */; };
		9F0C550E1F24F7E6003A12E4 /* My_ThriveUITests.swift in Sources */ = {isa = PBXBuildFile; fileRef = 9F0C550D1F24F7E6003A12E4 /* My_ThriveUITests.swift */; };
		9F0C551E1F24F8D8003A12E4 /* MainController.swift in Sources */ = {isa = PBXBuildFile; fileRef = 9F0C551C1F24F8D8003A12E4 /* MainController.swift */; };
		9F0C551F1F24F8D8003A12E4 /* MainController.xib in Resources */ = {isa = PBXBuildFile; fileRef = 9F0C551D1F24F8D8003A12E4 /* MainController.xib */; };
		9F0C55221F24FF40003A12E4 /* THTableHeaderView.swift in Sources */ = {isa = PBXBuildFile; fileRef = 9F0C55211F24FF40003A12E4 /* THTableHeaderView.swift */; };
		9F0C55261F24FF81003A12E4 /* THTableHeaderView.xib in Resources */ = {isa = PBXBuildFile; fileRef = 9F0C55251F24FF81003A12E4 /* THTableHeaderView.xib */; };
		9F0C55291F2503C9003A12E4 /* Constants.swift in Sources */ = {isa = PBXBuildFile; fileRef = 9F0C55281F2503C9003A12E4 /* Constants.swift */; };
		9F0C552B1F250BB2003A12E4 /* BaseViewController.swift in Sources */ = {isa = PBXBuildFile; fileRef = 9F0C552A1F250BB2003A12E4 /* BaseViewController.swift */; };
		9F1AB9FE1F27D80800C459CA /* MainController~ipad.xib in Resources */ = {isa = PBXBuildFile; fileRef = 9F1AB9FD1F27D80800C459CA /* MainController~ipad.xib */; };
		9F1ABA011F27DB7A00C459CA /* SideBarController.swift in Sources */ = {isa = PBXBuildFile; fileRef = 9F1AB9FF1F27DB7A00C459CA /* SideBarController.swift */; };
		9F1ABA021F27DB7A00C459CA /* SideBarController.xib in Resources */ = {isa = PBXBuildFile; fileRef = 9F1ABA001F27DB7A00C459CA /* SideBarController.xib */; };
		9F1ABA041F27E62500C459CA /* WatchKit.framework in Frameworks */ = {isa = PBXBuildFile; fileRef = 9F1ABA031F27E62500C459CA /* WatchKit.framework */; };
		9F1ABA061F27E62B00C459CA /* WatchConnectivity.framework in Frameworks */ = {isa = PBXBuildFile; fileRef = 9F1ABA051F27E62B00C459CA /* WatchConnectivity.framework */; };
		9F1ABA0D1F27E72A00C459CA /* Interface.storyboard in Resources */ = {isa = PBXBuildFile; fileRef = 9F1ABA0B1F27E72A00C459CA /* Interface.storyboard */; };
		9F1ABA0F1F27E72A00C459CA /* Assets.xcassets in Resources */ = {isa = PBXBuildFile; fileRef = 9F1ABA0E1F27E72A00C459CA /* Assets.xcassets */; };
		9F1ABA161F27E72A00C459CA /* My Thrive Watch Extension.appex in Embed App Extensions */ = {isa = PBXBuildFile; fileRef = 9F1ABA151F27E72A00C459CA /* My Thrive Watch Extension.appex */; settings = {ATTRIBUTES = (RemoveHeadersOnCopy, ); }; };
		9F1ABA1D1F27E72A00C459CA /* InterfaceController.swift in Sources */ = {isa = PBXBuildFile; fileRef = 9F1ABA1C1F27E72A00C459CA /* InterfaceController.swift */; };
		9F1ABA1F1F27E72A00C459CA /* ExtensionDelegate.swift in Sources */ = {isa = PBXBuildFile; fileRef = 9F1ABA1E1F27E72A00C459CA /* ExtensionDelegate.swift */; };
		9F1ABA211F27E72A00C459CA /* NotificationController.swift in Sources */ = {isa = PBXBuildFile; fileRef = 9F1ABA201F27E72A00C459CA /* NotificationController.swift */; };
		9F1ABA231F27E72A00C459CA /* Assets.xcassets in Resources */ = {isa = PBXBuildFile; fileRef = 9F1ABA221F27E72A00C459CA /* Assets.xcassets */; };
		9F1ABA281F27E72A00C459CA /* My Thrive Watch.app in Embed Watch Content */ = {isa = PBXBuildFile; fileRef = 9F1ABA091F27E72A00C459CA /* My Thrive Watch.app */; };
		9F1ABA361F27F22500C459CA /* THWatchEventCell.swift in Sources */ = {isa = PBXBuildFile; fileRef = 9F1ABA351F27F22500C459CA /* THWatchEventCell.swift */; };
		9F1ABA371F27F48300C459CA /* Constants.swift in Sources */ = {isa = PBXBuildFile; fileRef = 9F0C55281F2503C9003A12E4 /* Constants.swift */; };
		9F1ABA381F27F48C00C459CA /* Utils.swift in Sources */ = {isa = PBXBuildFile; fileRef = 9FD6B4B01F264FF600700499 /* Utils.swift */; };
		9F1ABA391F27F49300C459CA /* Colors.swift in Sources */ = {isa = PBXBuildFile; fileRef = 9FD6B4B21F26504A00700499 /* Colors.swift */; };
		9F1ABA3A1F27F49E00C459CA /* THApi.swift in Sources */ = {isa = PBXBuildFile; fileRef = 9F5827701F2656020045A6CF /* THApi.swift */; };
		9F1ABA3B1F27F4A300C459CA /* THRequest.swift in Sources */ = {isa = PBXBuildFile; fileRef = 9F5827721F2656C00045A6CF /* THRequest.swift */; };
		9F1ABA3C1F27F4A700C459CA /* RealmHelper.swift in Sources */ = {isa = PBXBuildFile; fileRef = 9FD57A391F267CC40089B714 /* RealmHelper.swift */; };
		9F1ABA3D1F27F61D00C459CA /* Event.swift in Sources */ = {isa = PBXBuildFile; fileRef = 9F5827751F265FEB0045A6CF /* Event.swift */; };
		9F1ABA3E1F27F62100C459CA /* User.swift in Sources */ = {isa = PBXBuildFile; fileRef = 9F58277C1F266F030045A6CF /* User.swift */; };
		9F1ABA3F1F27F62C00C459CA /* GetEventResponse.swift in Sources */ = {isa = PBXBuildFile; fileRef = 9F5827781F2660240045A6CF /* GetEventResponse.swift */; };
		9F1ABA401F27F88F00C459CA /* bemetest.json in Resources */ = {isa = PBXBuildFile; fileRef = 9FD6B4B51F2650F100700499 /* bemetest.json */; };
		9F24AAB91F28D3190096C8C6 /* BookNowController.swift in Sources */ = {isa = PBXBuildFile; fileRef = 9F24AAB71F28D3190096C8C6 /* BookNowController.swift */; };
		9F24AABA1F28D3190096C8C6 /* BookNowController.xib in Resources */ = {isa = PBXBuildFile; fileRef = 9F24AAB81F28D3190096C8C6 /* BookNowController.xib */; };
		9F24AABC1F28D8C40096C8C6 /* BookFormItem.xib in Resources */ = {isa = PBXBuildFile; fileRef = 9F24AABB1F28D8C40096C8C6 /* BookFormItem.xib */; };
		9F24AABE1F28DA100096C8C6 /* BookFormItem.swift in Sources */ = {isa = PBXBuildFile; fileRef = 9F24AABD1F28DA100096C8C6 /* BookFormItem.swift */; };
		9F24AAC01F28FCD40096C8C6 /* Validator.swift in Sources */ = {isa = PBXBuildFile; fileRef = 9F24AABF1F28FCD40096C8C6 /* Validator.swift */; };
		9F24AAC31F2918B50096C8C6 /* THEventEmptyCell.swift in Sources */ = {isa = PBXBuildFile; fileRef = 9F24AAC11F2918B50096C8C6 /* THEventEmptyCell.swift */; };
		9F24AAC41F2918B50096C8C6 /* THEventEmptyCell.xib in Resources */ = {isa = PBXBuildFile; fileRef = 9F24AAC21F2918B50096C8C6 /* THEventEmptyCell.xib */; };
		9F24AAC61F291ECE0096C8C6 /* BookNowController~ipad.xib in Resources */ = {isa = PBXBuildFile; fileRef = 9F24AAC51F291ECE0096C8C6 /* BookNowController~ipad.xib */; };
		9F41BC101F252A900030D07A /* EventTableSource.swift in Sources */ = {isa = PBXBuildFile; fileRef = 9F41BC0F1F252A900030D07A /* EventTableSource.swift */; };
		9F5827711F2656020045A6CF /* THApi.swift in Sources */ = {isa = PBXBuildFile; fileRef = 9F5827701F2656020045A6CF /* THApi.swift */; };
		9F5827731F2656C00045A6CF /* THRequest.swift in Sources */ = {isa = PBXBuildFile; fileRef = 9F5827721F2656C00045A6CF /* THRequest.swift */; };
		9F5827761F265FEB0045A6CF /* Event.swift in Sources */ = {isa = PBXBuildFile; fileRef = 9F5827751F265FEB0045A6CF /* Event.swift */; };
		9F5827791F2660240045A6CF /* GetEventResponse.swift in Sources */ = {isa = PBXBuildFile; fileRef = 9F5827781F2660240045A6CF /* GetEventResponse.swift */; };
		9F58277D1F266F030045A6CF /* User.swift in Sources */ = {isa = PBXBuildFile; fileRef = 9F58277C1F266F030045A6CF /* User.swift */; };
		9FD57A3A1F267CC40089B714 /* RealmHelper.swift in Sources */ = {isa = PBXBuildFile; fileRef = 9FD57A391F267CC40089B714 /* RealmHelper.swift */; };
		9FD6B4B11F264FF600700499 /* Utils.swift in Sources */ = {isa = PBXBuildFile; fileRef = 9FD6B4B01F264FF600700499 /* Utils.swift */; };
		9FD6B4B31F26504A00700499 /* Colors.swift in Sources */ = {isa = PBXBuildFile; fileRef = 9FD6B4B21F26504A00700499 /* Colors.swift */; };
		9FD6B4B61F2650F100700499 /* bemetest.json in Resources */ = {isa = PBXBuildFile; fileRef = 9FD6B4B51F2650F100700499 /* bemetest.json */; };
		9FD6B4B91F26513300700499 /* THDateCell.swift in Sources */ = {isa = PBXBuildFile; fileRef = 9FD6B4B71F26513300700499 /* THDateCell.swift */; };
		9FD6B4BA1F26513300700499 /* THDateCell.xib in Resources */ = {isa = PBXBuildFile; fileRef = 9FD6B4B81F26513300700499 /* THDateCell.xib */; };
		9FFB28711F25265C005C19F8 /* THEventCellTableViewCell.swift in Sources */ = {isa = PBXBuildFile; fileRef = 9FFB286F1F25265C005C19F8 /* THEventCellTableViewCell.swift */; };
		9FFB28721F25265C005C19F8 /* THEventCellTableViewCell.xib in Resources */ = {isa = PBXBuildFile; fileRef = 9FFB28701F25265C005C19F8 /* THEventCellTableViewCell.xib */; };
		FC372E7B8449462A1B98C593 /* Pods_My_ThriveTests.framework in Frameworks */ = {isa = PBXBuildFile; fileRef = 2506E9DDAAFF80A7421490EB /* Pods_My_ThriveTests.framework */; };
/* End PBXBuildFile section */

/* Begin PBXContainerItemProxy section */
		9F0C54FF1F24F7E6003A12E4 /* PBXContainerItemProxy */ = {
			isa = PBXContainerItemProxy;
			containerPortal = 9F0C54DF1F24F7E5003A12E4 /* Project object */;
			proxyType = 1;
			remoteGlobalIDString = 9F0C54E61F24F7E5003A12E4;
			remoteInfo = "My Thrive";
		};
		9F0C550A1F24F7E6003A12E4 /* PBXContainerItemProxy */ = {
			isa = PBXContainerItemProxy;
			containerPortal = 9F0C54DF1F24F7E5003A12E4 /* Project object */;
			proxyType = 1;
			remoteGlobalIDString = 9F0C54E61F24F7E5003A12E4;
			remoteInfo = "My Thrive";
		};
		9F1ABA171F27E72A00C459CA /* PBXContainerItemProxy */ = {
			isa = PBXContainerItemProxy;
			containerPortal = 9F0C54DF1F24F7E5003A12E4 /* Project object */;
			proxyType = 1;
			remoteGlobalIDString = 9F1ABA141F27E72A00C459CA;
			remoteInfo = "My Thrive Watch Extension";
		};
		9F1ABA251F27E72A00C459CA /* PBXContainerItemProxy */ = {
			isa = PBXContainerItemProxy;
			containerPortal = 9F0C54DF1F24F7E5003A12E4 /* Project object */;
			proxyType = 1;
			remoteGlobalIDString = 9F1ABA081F27E72A00C459CA;
			remoteInfo = "My Thrive Watch";
		};
/* End PBXContainerItemProxy section */

/* Begin PBXCopyFilesBuildPhase section */
		9F1ABA271F27E72A00C459CA /* Embed Watch Content */ = {
			isa = PBXCopyFilesBuildPhase;
			buildActionMask = 2147483647;
			dstPath = "$(CONTENTS_FOLDER_PATH)/Watch";
			dstSubfolderSpec = 16;
			files = (
				9F1ABA281F27E72A00C459CA /* My Thrive Watch.app in Embed Watch Content */,
			);
			name = "Embed Watch Content";
			runOnlyForDeploymentPostprocessing = 0;
		};
		9F1ABA2C1F27E72A00C459CA /* Embed App Extensions */ = {
			isa = PBXCopyFilesBuildPhase;
			buildActionMask = 2147483647;
			dstPath = "";
			dstSubfolderSpec = 13;
			files = (
				9F1ABA161F27E72A00C459CA /* My Thrive Watch Extension.appex in Embed App Extensions */,
			);
			name = "Embed App Extensions";
			runOnlyForDeploymentPostprocessing = 0;
		};
/* End PBXCopyFilesBuildPhase section */

/* Begin PBXFileReference section */
		2506E9DDAAFF80A7421490EB /* Pods_My_ThriveTests.framework */ = {isa = PBXFileReference; explicitFileType = wrapper.framework; includeInIndex = 0; path = Pods_My_ThriveTests.framework; sourceTree = BUILT_PRODUCTS_DIR; };
		273A3913AC4EAA8E745A41C1 /* Pods_My_Thrive.framework */ = {isa = PBXFileReference; explicitFileType = wrapper.framework; includeInIndex = 0; path = Pods_My_Thrive.framework; sourceTree = BUILT_PRODUCTS_DIR; };
		63B31CA701FB7651060F34EE /* Pods-My Thrive.release.xcconfig */ = {isa = PBXFileReference; includeInIndex = 1; lastKnownFileType = text.xcconfig; name = "Pods-My Thrive.release.xcconfig"; path = "Pods/Target Support Files/Pods-My Thrive/Pods-My Thrive.release.xcconfig"; sourceTree = "<group>"; };
		69D9B36A71E8829C19CE7251 /* Pods_My_ThriveUITests.framework */ = {isa = PBXFileReference; explicitFileType = wrapper.framework; includeInIndex = 0; path = Pods_My_ThriveUITests.framework; sourceTree = BUILT_PRODUCTS_DIR; };
		9479D20F3EA338F18467AAD8 /* Pods-My ThriveTests.release.xcconfig */ = {isa = PBXFileReference; includeInIndex = 1; lastKnownFileType = text.xcconfig; name = "Pods-My ThriveTests.release.xcconfig"; path = "Pods/Target Support Files/Pods-My ThriveTests/Pods-My ThriveTests.release.xcconfig"; sourceTree = "<group>"; };
		9C62FC7F2BBBFEFCCBF63018 /* Pods-My Thrive Watch Extension.debug.xcconfig */ = {isa = PBXFileReference; includeInIndex = 1; lastKnownFileType = text.xcconfig; name = "Pods-My Thrive Watch Extension.debug.xcconfig"; path = "Pods/Target Support Files/Pods-My Thrive Watch Extension/Pods-My Thrive Watch Extension.debug.xcconfig"; sourceTree = "<group>"; };
		9F0C54E71F24F7E5003A12E4 /* My Thrive.app */ = {isa = PBXFileReference; explicitFileType = wrapper.application; includeInIndex = 0; path = "My Thrive.app"; sourceTree = BUILT_PRODUCTS_DIR; };
		9F0C54EA1F24F7E5003A12E4 /* AppDelegate.swift */ = {isa = PBXFileReference; lastKnownFileType = sourcecode.swift; path = AppDelegate.swift; sourceTree = "<group>"; };
		9F0C54F21F24F7E5003A12E4 /* My_Thrive.xcdatamodel */ = {isa = PBXFileReference; lastKnownFileType = wrapper.xcdatamodel; path = My_Thrive.xcdatamodel; sourceTree = "<group>"; };
		9F0C54F41F24F7E5003A12E4 /* Assets.xcassets */ = {isa = PBXFileReference; lastKnownFileType = folder.assetcatalog; path = Assets.xcassets; sourceTree = "<group>"; };
		9F0C54F71F24F7E5003A12E4 /* Base */ = {isa = PBXFileReference; lastKnownFileType = file.storyboard; name = Base; path = Base.lproj/LaunchScreen.storyboard; sourceTree = "<group>"; };
		9F0C54F91F24F7E5003A12E4 /* Info.plist */ = {isa = PBXFileReference; lastKnownFileType = text.plist.xml; path = Info.plist; sourceTree = "<group>"; };
		9F0C54FE1F24F7E6003A12E4 /* My ThriveTests.xctest */ = {isa = PBXFileReference; explicitFileType = wrapper.cfbundle; includeInIndex = 0; path = "My ThriveTests.xctest"; sourceTree = BUILT_PRODUCTS_DIR; };
		9F0C55021F24F7E6003A12E4 /* My_ThriveTests.swift */ = {isa = PBXFileReference; lastKnownFileType = sourcecode.swift; path = My_ThriveTests.swift; sourceTree = "<group>"; };
		9F0C55041F24F7E6003A12E4 /* Info.plist */ = {isa = PBXFileReference; lastKnownFileType = text.plist.xml; path = Info.plist; sourceTree = "<group>"; };
		9F0C55091F24F7E6003A12E4 /* My ThriveUITests.xctest */ = {isa = PBXFileReference; explicitFileType = wrapper.cfbundle; includeInIndex = 0; path = "My ThriveUITests.xctest"; sourceTree = BUILT_PRODUCTS_DIR; };
		9F0C550D1F24F7E6003A12E4 /* My_ThriveUITests.swift */ = {isa = PBXFileReference; lastKnownFileType = sourcecode.swift; path = My_ThriveUITests.swift; sourceTree = "<group>"; };
		9F0C550F1F24F7E6003A12E4 /* Info.plist */ = {isa = PBXFileReference; lastKnownFileType = text.plist.xml; path = Info.plist; sourceTree = "<group>"; };
		9F0C551C1F24F8D8003A12E4 /* MainController.swift */ = {isa = PBXFileReference; fileEncoding = 4; lastKnownFileType = sourcecode.swift; path = MainController.swift; sourceTree = "<group>"; };
		9F0C551D1F24F8D8003A12E4 /* MainController.xib */ = {isa = PBXFileReference; fileEncoding = 4; lastKnownFileType = file.xib; path = MainController.xib; sourceTree = "<group>"; };
		9F0C55211F24FF40003A12E4 /* THTableHeaderView.swift */ = {isa = PBXFileReference; fileEncoding = 4; lastKnownFileType = sourcecode.swift; path = THTableHeaderView.swift; sourceTree = "<group>"; };
		9F0C55251F24FF81003A12E4 /* THTableHeaderView.xib */ = {isa = PBXFileReference; fileEncoding = 4; lastKnownFileType = file.xib; path = THTableHeaderView.xib; sourceTree = "<group>"; };
		9F0C55281F2503C9003A12E4 /* Constants.swift */ = {isa = PBXFileReference; fileEncoding = 4; lastKnownFileType = sourcecode.swift; path = Constants.swift; sourceTree = "<group>"; };
		9F0C552A1F250BB2003A12E4 /* BaseViewController.swift */ = {isa = PBXFileReference; fileEncoding = 4; lastKnownFileType = sourcecode.swift; path = BaseViewController.swift; sourceTree = "<group>"; };
		9F1AB9FD1F27D80800C459CA /* MainController~ipad.xib */ = {isa = PBXFileReference; fileEncoding = 4; lastKnownFileType = file.xib; path = "MainController~ipad.xib"; sourceTree = "<group>"; };
		9F1AB9FF1F27DB7A00C459CA /* SideBarController.swift */ = {isa = PBXFileReference; fileEncoding = 4; lastKnownFileType = sourcecode.swift; path = SideBarController.swift; sourceTree = "<group>"; };
		9F1ABA001F27DB7A00C459CA /* SideBarController.xib */ = {isa = PBXFileReference; fileEncoding = 4; lastKnownFileType = file.xib; path = SideBarController.xib; sourceTree = "<group>"; };
		9F1ABA031F27E62500C459CA /* WatchKit.framework */ = {isa = PBXFileReference; lastKnownFileType = wrapper.framework; name = WatchKit.framework; path = System/Library/Frameworks/WatchKit.framework; sourceTree = SDKROOT; };
		9F1ABA051F27E62B00C459CA /* WatchConnectivity.framework */ = {isa = PBXFileReference; lastKnownFileType = wrapper.framework; name = WatchConnectivity.framework; path = System/Library/Frameworks/WatchConnectivity.framework; sourceTree = SDKROOT; };
		9F1ABA091F27E72A00C459CA /* My Thrive Watch.app */ = {isa = PBXFileReference; explicitFileType = wrapper.application; includeInIndex = 0; path = "My Thrive Watch.app"; sourceTree = BUILT_PRODUCTS_DIR; };
		9F1ABA0C1F27E72A00C459CA /* Base */ = {isa = PBXFileReference; lastKnownFileType = file.storyboard; name = Base; path = Base.lproj/Interface.storyboard; sourceTree = "<group>"; };
		9F1ABA0E1F27E72A00C459CA /* Assets.xcassets */ = {isa = PBXFileReference; lastKnownFileType = folder.assetcatalog; path = Assets.xcassets; sourceTree = "<group>"; };
		9F1ABA101F27E72A00C459CA /* Info.plist */ = {isa = PBXFileReference; lastKnownFileType = text.plist.xml; path = Info.plist; sourceTree = "<group>"; };
		9F1ABA151F27E72A00C459CA /* My Thrive Watch Extension.appex */ = {isa = PBXFileReference; explicitFileType = "wrapper.app-extension"; includeInIndex = 0; path = "My Thrive Watch Extension.appex"; sourceTree = BUILT_PRODUCTS_DIR; };
		9F1ABA1B1F27E72A00C459CA /* PushNotificationPayload.apns */ = {isa = PBXFileReference; lastKnownFileType = text; path = PushNotificationPayload.apns; sourceTree = "<group>"; };
		9F1ABA1C1F27E72A00C459CA /* InterfaceController.swift */ = {isa = PBXFileReference; lastKnownFileType = sourcecode.swift; path = InterfaceController.swift; sourceTree = "<group>"; };
		9F1ABA1E1F27E72A00C459CA /* ExtensionDelegate.swift */ = {isa = PBXFileReference; lastKnownFileType = sourcecode.swift; path = ExtensionDelegate.swift; sourceTree = "<group>"; };
		9F1ABA201F27E72A00C459CA /* NotificationController.swift */ = {isa = PBXFileReference; lastKnownFileType = sourcecode.swift; path = NotificationController.swift; sourceTree = "<group>"; };
		9F1ABA221F27E72A00C459CA /* Assets.xcassets */ = {isa = PBXFileReference; lastKnownFileType = folder.assetcatalog; path = Assets.xcassets; sourceTree = "<group>"; };
		9F1ABA241F27E72A00C459CA /* Info.plist */ = {isa = PBXFileReference; lastKnownFileType = text.plist.xml; path = Info.plist; sourceTree = "<group>"; };
		9F1ABA351F27F22500C459CA /* THWatchEventCell.swift */ = {isa = PBXFileReference; fileEncoding = 4; lastKnownFileType = sourcecode.swift; path = THWatchEventCell.swift; sourceTree = "<group>"; };
		9F24AAB71F28D3190096C8C6 /* BookNowController.swift */ = {isa = PBXFileReference; fileEncoding = 4; lastKnownFileType = sourcecode.swift; path = BookNowController.swift; sourceTree = "<group>"; };
		9F24AAB81F28D3190096C8C6 /* BookNowController.xib */ = {isa = PBXFileReference; fileEncoding = 4; lastKnownFileType = file.xib; path = BookNowController.xib; sourceTree = "<group>"; };
		9F24AABB1F28D8C40096C8C6 /* BookFormItem.xib */ = {isa = PBXFileReference; fileEncoding = 4; lastKnownFileType = file.xib; path = BookFormItem.xib; sourceTree = "<group>"; };
		9F24AABD1F28DA100096C8C6 /* BookFormItem.swift */ = {isa = PBXFileReference; fileEncoding = 4; lastKnownFileType = sourcecode.swift; path = BookFormItem.swift; sourceTree = "<group>"; };
		9F24AABF1F28FCD40096C8C6 /* Validator.swift */ = {isa = PBXFileReference; fileEncoding = 4; lastKnownFileType = sourcecode.swift; path = Validator.swift; sourceTree = "<group>"; };
		9F24AAC11F2918B50096C8C6 /* THEventEmptyCell.swift */ = {isa = PBXFileReference; fileEncoding = 4; lastKnownFileType = sourcecode.swift; path = THEventEmptyCell.swift; sourceTree = "<group>"; };
		9F24AAC21F2918B50096C8C6 /* THEventEmptyCell.xib */ = {isa = PBXFileReference; fileEncoding = 4; lastKnownFileType = file.xib; path = THEventEmptyCell.xib; sourceTree = "<group>"; };
		9F24AAC51F291ECE0096C8C6 /* BookNowController~ipad.xib */ = {isa = PBXFileReference; fileEncoding = 4; lastKnownFileType = file.xib; path = "BookNowController~ipad.xib"; sourceTree = "<group>"; };
		9F41BC0F1F252A900030D07A /* EventTableSource.swift */ = {isa = PBXFileReference; fileEncoding = 4; lastKnownFileType = sourcecode.swift; path = EventTableSource.swift; sourceTree = "<group>"; };
		9F5827701F2656020045A6CF /* THApi.swift */ = {isa = PBXFileReference; fileEncoding = 4; lastKnownFileType = sourcecode.swift; path = THApi.swift; sourceTree = "<group>"; };
		9F5827721F2656C00045A6CF /* THRequest.swift */ = {isa = PBXFileReference; fileEncoding = 4; lastKnownFileType = sourcecode.swift; path = THRequest.swift; sourceTree = "<group>"; };
		9F5827751F265FEB0045A6CF /* Event.swift */ = {isa = PBXFileReference; fileEncoding = 4; lastKnownFileType = sourcecode.swift; path = Event.swift; sourceTree = "<group>"; };
		9F5827781F2660240045A6CF /* GetEventResponse.swift */ = {isa = PBXFileReference; fileEncoding = 4; lastKnownFileType = sourcecode.swift; path = GetEventResponse.swift; sourceTree = "<group>"; };
		9F58277C1F266F030045A6CF /* User.swift */ = {isa = PBXFileReference; fileEncoding = 4; lastKnownFileType = sourcecode.swift; path = User.swift; sourceTree = "<group>"; };
		9FD57A391F267CC40089B714 /* RealmHelper.swift */ = {isa = PBXFileReference; fileEncoding = 4; lastKnownFileType = sourcecode.swift; path = RealmHelper.swift; sourceTree = "<group>"; };
		9FD6B4B01F264FF600700499 /* Utils.swift */ = {isa = PBXFileReference; fileEncoding = 4; lastKnownFileType = sourcecode.swift; path = Utils.swift; sourceTree = "<group>"; };
		9FD6B4B21F26504A00700499 /* Colors.swift */ = {isa = PBXFileReference; fileEncoding = 4; lastKnownFileType = sourcecode.swift; path = Colors.swift; sourceTree = "<group>"; };
		9FD6B4B51F2650F100700499 /* bemetest.json */ = {isa = PBXFileReference; fileEncoding = 4; lastKnownFileType = text.json; path = bemetest.json; sourceTree = "<group>"; };
		9FD6B4B71F26513300700499 /* THDateCell.swift */ = {isa = PBXFileReference; fileEncoding = 4; lastKnownFileType = sourcecode.swift; path = THDateCell.swift; sourceTree = "<group>"; };
		9FD6B4B81F26513300700499 /* THDateCell.xib */ = {isa = PBXFileReference; fileEncoding = 4; lastKnownFileType = file.xib; path = THDateCell.xib; sourceTree = "<group>"; };
		9FFB286F1F25265C005C19F8 /* THEventCellTableViewCell.swift */ = {isa = PBXFileReference; fileEncoding = 4; lastKnownFileType = sourcecode.swift; path = THEventCellTableViewCell.swift; sourceTree = "<group>"; };
		9FFB28701F25265C005C19F8 /* THEventCellTableViewCell.xib */ = {isa = PBXFileReference; fileEncoding = 4; lastKnownFileType = file.xib; path = THEventCellTableViewCell.xib; sourceTree = "<group>"; };
		AD27323B8556A511643F5245 /* Pods_My_Thrive_Watch_Extension.framework */ = {isa = PBXFileReference; explicitFileType = wrapper.framework; includeInIndex = 0; path = Pods_My_Thrive_Watch_Extension.framework; sourceTree = BUILT_PRODUCTS_DIR; };
		AE2D0354CCED175164C4C21E /* Pods-My ThriveTests.debug.xcconfig */ = {isa = PBXFileReference; includeInIndex = 1; lastKnownFileType = text.xcconfig; name = "Pods-My ThriveTests.debug.xcconfig"; path = "Pods/Target Support Files/Pods-My ThriveTests/Pods-My ThriveTests.debug.xcconfig"; sourceTree = "<group>"; };
		B4D01D837E269D7BB14A1F0A /* Pods-My Thrive.debug.xcconfig */ = {isa = PBXFileReference; includeInIndex = 1; lastKnownFileType = text.xcconfig; name = "Pods-My Thrive.debug.xcconfig"; path = "Pods/Target Support Files/Pods-My Thrive/Pods-My Thrive.debug.xcconfig"; sourceTree = "<group>"; };
		D364E09709E6C7E47541A131 /* Pods-My ThriveUITests.release.xcconfig */ = {isa = PBXFileReference; includeInIndex = 1; lastKnownFileType = text.xcconfig; name = "Pods-My ThriveUITests.release.xcconfig"; path = "Pods/Target Support Files/Pods-My ThriveUITests/Pods-My ThriveUITests.release.xcconfig"; sourceTree = "<group>"; };
		EA103FD5526D8F9A3BE91302 /* Pods-My ThriveUITests.debug.xcconfig */ = {isa = PBXFileReference; includeInIndex = 1; lastKnownFileType = text.xcconfig; name = "Pods-My ThriveUITests.debug.xcconfig"; path = "Pods/Target Support Files/Pods-My ThriveUITests/Pods-My ThriveUITests.debug.xcconfig"; sourceTree = "<group>"; };
		F9A6BD74DE788BBBAB708084 /* Pods-My Thrive Watch Extension.release.xcconfig */ = {isa = PBXFileReference; includeInIndex = 1; lastKnownFileType = text.xcconfig; name = "Pods-My Thrive Watch Extension.release.xcconfig"; path = "Pods/Target Support Files/Pods-My Thrive Watch Extension/Pods-My Thrive Watch Extension.release.xcconfig"; sourceTree = "<group>"; };
/* End PBXFileReference section */

/* Begin PBXFrameworksBuildPhase section */
		87B075342841B892D572FD0A /* Frameworks */ = {
			isa = PBXFrameworksBuildPhase;
			buildActionMask = 2147483647;
			files = (
			);
			runOnlyForDeploymentPostprocessing = 0;
		};
		9F0C54E41F24F7E5003A12E4 /* Frameworks */ = {
			isa = PBXFrameworksBuildPhase;
			buildActionMask = 2147483647;
			files = (
				9F1ABA061F27E62B00C459CA /* WatchConnectivity.framework in Frameworks */,
				9F1ABA041F27E62500C459CA /* WatchKit.framework in Frameworks */,
				1DF1B5274FB2F2F1B8B028EC /* Pods_My_Thrive.framework in Frameworks */,
			);
			runOnlyForDeploymentPostprocessing = 0;
		};
		9F0C54FB1F24F7E6003A12E4 /* Frameworks */ = {
			isa = PBXFrameworksBuildPhase;
			buildActionMask = 2147483647;
			files = (
				FC372E7B8449462A1B98C593 /* Pods_My_ThriveTests.framework in Frameworks */,
			);
			runOnlyForDeploymentPostprocessing = 0;
		};
		9F0C55061F24F7E6003A12E4 /* Frameworks */ = {
			isa = PBXFrameworksBuildPhase;
			buildActionMask = 2147483647;
			files = (
				5E737B94601E8260FFBBC700 /* Pods_My_ThriveUITests.framework in Frameworks */,
			);
			runOnlyForDeploymentPostprocessing = 0;
		};
		9F1ABA121F27E72A00C459CA /* Frameworks */ = {
			isa = PBXFrameworksBuildPhase;
			buildActionMask = 2147483647;
			files = (
				2C8862845A40452631C0A46C /* Pods_My_Thrive_Watch_Extension.framework in Frameworks */,
			);
			runOnlyForDeploymentPostprocessing = 0;
		};
/* End PBXFrameworksBuildPhase section */

/* Begin PBXGroup section */
		1EB17F73D6BAC7365EA4CE57 /* Pods */ = {
			isa = PBXGroup;
			children = (
				B4D01D837E269D7BB14A1F0A /* Pods-My Thrive.debug.xcconfig */,
				63B31CA701FB7651060F34EE /* Pods-My Thrive.release.xcconfig */,
				AE2D0354CCED175164C4C21E /* Pods-My ThriveTests.debug.xcconfig */,
				9479D20F3EA338F18467AAD8 /* Pods-My ThriveTests.release.xcconfig */,
				EA103FD5526D8F9A3BE91302 /* Pods-My ThriveUITests.debug.xcconfig */,
				D364E09709E6C7E47541A131 /* Pods-My ThriveUITests.release.xcconfig */,
				9C62FC7F2BBBFEFCCBF63018 /* Pods-My Thrive Watch Extension.debug.xcconfig */,
				F9A6BD74DE788BBBAB708084 /* Pods-My Thrive Watch Extension.release.xcconfig */,
			);
			name = Pods;
			sourceTree = "<group>";
		};
		4F9C7A13D3F34CEE1945FE31 /* Frameworks */ = {
			isa = PBXGroup;
			children = (
				9F1ABA051F27E62B00C459CA /* WatchConnectivity.framework */,
				9F1ABA031F27E62500C459CA /* WatchKit.framework */,
				273A3913AC4EAA8E745A41C1 /* Pods_My_Thrive.framework */,
				2506E9DDAAFF80A7421490EB /* Pods_My_ThriveTests.framework */,
				69D9B36A71E8829C19CE7251 /* Pods_My_ThriveUITests.framework */,
				AD27323B8556A511643F5245 /* Pods_My_Thrive_Watch_Extension.framework */,
			);
			name = Frameworks;
			sourceTree = "<group>";
		};
		9F0C54DE1F24F7E5003A12E4 = {
			isa = PBXGroup;
			children = (
				9F0C54E91F24F7E5003A12E4 /* My Thrive */,
				9F0C55011F24F7E6003A12E4 /* My ThriveTests */,
				9F0C550C1F24F7E6003A12E4 /* My ThriveUITests */,
				9F1ABA0A1F27E72A00C459CA /* My Thrive Watch */,
				9F1ABA191F27E72A00C459CA /* My Thrive Watch Extension */,
				9F0C54E81F24F7E5003A12E4 /* Products */,
				1EB17F73D6BAC7365EA4CE57 /* Pods */,
				4F9C7A13D3F34CEE1945FE31 /* Frameworks */,
			);
			sourceTree = "<group>";
		};
		9F0C54E81F24F7E5003A12E4 /* Products */ = {
			isa = PBXGroup;
			children = (
				9F0C54E71F24F7E5003A12E4 /* My Thrive.app */,
				9F0C54FE1F24F7E6003A12E4 /* My ThriveTests.xctest */,
				9F0C55091F24F7E6003A12E4 /* My ThriveUITests.xctest */,
				9F1ABA091F27E72A00C459CA /* My Thrive Watch.app */,
				9F1ABA151F27E72A00C459CA /* My Thrive Watch Extension.appex */,
			);
			name = Products;
			sourceTree = "<group>";
		};
		9F0C54E91F24F7E5003A12E4 /* My Thrive */ = {
			isa = PBXGroup;
			children = (
				9F1AB9FC1F27D7FA00C459CA /* XIB-Ipad */,
				9F1AB9FB1F27D7D000C459CA /* XIB */,
				9F5827771F2660130045A6CF /* Response */,
				9F5827741F265FD50045A6CF /* Models */,
				9FD6B4B41F2650E600700499 /* SupportFiles */,
				9F41BC0E1F252A590030D07A /* TableSources */,
				9F0C55271F2503AA003A12E4 /* Utils */,
				9F0C55201F24FF18003A12E4 /* Views */,
				9F0C551B1F24F82E003A12E4 /* ViewControllers */,
				9F0C54EA1F24F7E5003A12E4 /* AppDelegate.swift */,
				9F0C54F41F24F7E5003A12E4 /* Assets.xcassets */,
				9F0C54F61F24F7E5003A12E4 /* LaunchScreen.storyboard */,
				9F0C54F91F24F7E5003A12E4 /* Info.plist */,
				9F0C54F11F24F7E5003A12E4 /* My_Thrive.xcdatamodeld */,
			);
			path = "My Thrive";
			sourceTree = "<group>";
		};
		9F0C55011F24F7E6003A12E4 /* My ThriveTests */ = {
			isa = PBXGroup;
			children = (
				9F0C55021F24F7E6003A12E4 /* My_ThriveTests.swift */,
				9F0C55041F24F7E6003A12E4 /* Info.plist */,
			);
			path = "My ThriveTests";
			sourceTree = "<group>";
		};
		9F0C550C1F24F7E6003A12E4 /* My ThriveUITests */ = {
			isa = PBXGroup;
			children = (
				9F0C550D1F24F7E6003A12E4 /* My_ThriveUITests.swift */,
				9F0C550F1F24F7E6003A12E4 /* Info.plist */,
			);
			path = "My ThriveUITests";
			sourceTree = "<group>";
		};
		9F0C551B1F24F82E003A12E4 /* ViewControllers */ = {
			isa = PBXGroup;
			children = (
				9F0C551C1F24F8D8003A12E4 /* MainController.swift */,
				9F0C552A1F250BB2003A12E4 /* BaseViewController.swift */,
				9F1AB9FF1F27DB7A00C459CA /* SideBarController.swift */,
				9F24AAB71F28D3190096C8C6 /* BookNowController.swift */,
			);
			name = ViewControllers;
			sourceTree = "<group>";
		};
		9F0C55201F24FF18003A12E4 /* Views */ = {
			isa = PBXGroup;
			children = (
				9F0C55211F24FF40003A12E4 /* THTableHeaderView.swift */,
				9FFB286F1F25265C005C19F8 /* THEventCellTableViewCell.swift */,
				9FD6B4B71F26513300700499 /* THDateCell.swift */,
				9F24AABD1F28DA100096C8C6 /* BookFormItem.swift */,
				9F24AAC11F2918B50096C8C6 /* THEventEmptyCell.swift */,
			);
			name = Views;
			sourceTree = "<group>";
		};
		9F0C55271F2503AA003A12E4 /* Utils */ = {
			isa = PBXGroup;
			children = (
				9F0C55281F2503C9003A12E4 /* Constants.swift */,
				9FD6B4B01F264FF600700499 /* Utils.swift */,
				9FD6B4B21F26504A00700499 /* Colors.swift */,
				9F5827701F2656020045A6CF /* THApi.swift */,
				9F5827721F2656C00045A6CF /* THRequest.swift */,
				9FD57A391F267CC40089B714 /* RealmHelper.swift */,
				9F24AABF1F28FCD40096C8C6 /* Validator.swift */,
			);
			name = Utils;
			sourceTree = "<group>";
		};
		9F1AB9FB1F27D7D000C459CA /* XIB */ = {
			isa = PBXGroup;
			children = (
				9F24AAB81F28D3190096C8C6 /* BookNowController.xib */,
				9F0C551D1F24F8D8003A12E4 /* MainController.xib */,
				9FD6B4B81F26513300700499 /* THDateCell.xib */,
				9FFB28701F25265C005C19F8 /* THEventCellTableViewCell.xib */,
				9F0C55251F24FF81003A12E4 /* THTableHeaderView.xib */,
				9F1ABA001F27DB7A00C459CA /* SideBarController.xib */,
				9F24AABB1F28D8C40096C8C6 /* BookFormItem.xib */,
				9F24AAC21F2918B50096C8C6 /* THEventEmptyCell.xib */,
			);
			name = XIB;
			sourceTree = "<group>";
		};
		9F1AB9FC1F27D7FA00C459CA /* XIB-Ipad */ = {
			isa = PBXGroup;
			children = (
				9F24AAC51F291ECE0096C8C6 /* BookNowController~ipad.xib */,
				9F1AB9FD1F27D80800C459CA /* MainController~ipad.xib */,
			);
			name = "XIB-Ipad";
			sourceTree = "<group>";
		};
		9F1ABA0A1F27E72A00C459CA /* My Thrive Watch */ = {
			isa = PBXGroup;
			children = (
				9F1ABA0B1F27E72A00C459CA /* Interface.storyboard */,
				9F1ABA0E1F27E72A00C459CA /* Assets.xcassets */,
				9F1ABA101F27E72A00C459CA /* Info.plist */,
			);
			path = "My Thrive Watch";
			sourceTree = "<group>";
		};
		9F1ABA191F27E72A00C459CA /* My Thrive Watch Extension */ = {
			isa = PBXGroup;
			children = (
				9F1ABA341F27F1FB00C459CA /* Views */,
				9F1ABA1C1F27E72A00C459CA /* InterfaceController.swift */,
				9F1ABA1E1F27E72A00C459CA /* ExtensionDelegate.swift */,
				9F1ABA201F27E72A00C459CA /* NotificationController.swift */,
				9F1ABA221F27E72A00C459CA /* Assets.xcassets */,
				9F1ABA241F27E72A00C459CA /* Info.plist */,
				9F1ABA1A1F27E72A00C459CA /* Supporting Files */,
			);
			path = "My Thrive Watch Extension";
			sourceTree = "<group>";
		};
		9F1ABA1A1F27E72A00C459CA /* Supporting Files */ = {
			isa = PBXGroup;
			children = (
				9F1ABA1B1F27E72A00C459CA /* PushNotificationPayload.apns */,
			);
			name = "Supporting Files";
			sourceTree = "<group>";
		};
		9F1ABA341F27F1FB00C459CA /* Views */ = {
			isa = PBXGroup;
			children = (
				9F1ABA351F27F22500C459CA /* THWatchEventCell.swift */,
			);
			name = Views;
			sourceTree = "<group>";
		};
		9F41BC0E1F252A590030D07A /* TableSources */ = {
			isa = PBXGroup;
			children = (
				9F41BC0F1F252A900030D07A /* EventTableSource.swift */,
			);
			name = TableSources;
			sourceTree = "<group>";
		};
		9F5827741F265FD50045A6CF /* Models */ = {
			isa = PBXGroup;
			children = (
				9F5827751F265FEB0045A6CF /* Event.swift */,
				9F58277C1F266F030045A6CF /* User.swift */,
			);
			name = Models;
			sourceTree = "<group>";
		};
		9F5827771F2660130045A6CF /* Response */ = {
			isa = PBXGroup;
			children = (
				9F5827781F2660240045A6CF /* GetEventResponse.swift */,
			);
			name = Response;
			sourceTree = "<group>";
		};
		9FD6B4B41F2650E600700499 /* SupportFiles */ = {
			isa = PBXGroup;
			children = (
				9FD6B4B51F2650F100700499 /* bemetest.json */,
			);
			name = SupportFiles;
			sourceTree = "<group>";
		};
/* End PBXGroup section */

/* Begin PBXNativeTarget section */
		9F0C54E61F24F7E5003A12E4 /* My Thrive */ = {
			isa = PBXNativeTarget;
			buildConfigurationList = 9F0C55121F24F7E6003A12E4 /* Build configuration list for PBXNativeTarget "My Thrive" */;
			buildPhases = (
				C7D30D0DB66104ED7D6ADCB0 /* [CP] Check Pods Manifest.lock */,
				9F0C54E31F24F7E5003A12E4 /* Sources */,
				9F0C54E41F24F7E5003A12E4 /* Frameworks */,
				9F0C54E51F24F7E5003A12E4 /* Resources */,
				ECB7B15F4AE6C587C6AE4A51 /* [CP] Embed Pods Frameworks */,
				8C5C9229A29C9DDBA6763380 /* [CP] Copy Pods Resources */,
				9F1ABA271F27E72A00C459CA /* Embed Watch Content */,
			);
			buildRules = (
			);
			dependencies = (
				9F1ABA261F27E72A00C459CA /* PBXTargetDependency */,
			);
			name = "My Thrive";
			productName = "My Thrive";
			productReference = 9F0C54E71F24F7E5003A12E4 /* My Thrive.app */;
			productType = "com.apple.product-type.application";
		};
		9F0C54FD1F24F7E6003A12E4 /* My ThriveTests */ = {
			isa = PBXNativeTarget;
			buildConfigurationList = 9F0C55151F24F7E6003A12E4 /* Build configuration list for PBXNativeTarget "My ThriveTests" */;
			buildPhases = (
				09E1DF40AF465F82E5321B14 /* [CP] Check Pods Manifest.lock */,
				9F0C54FA1F24F7E6003A12E4 /* Sources */,
				9F0C54FB1F24F7E6003A12E4 /* Frameworks */,
				9F0C54FC1F24F7E6003A12E4 /* Resources */,
				24C15167489134D50652C793 /* [CP] Embed Pods Frameworks */,
				AD3DC8705B7A4F2E18191062 /* [CP] Copy Pods Resources */,
			);
			buildRules = (
			);
			dependencies = (
				9F0C55001F24F7E6003A12E4 /* PBXTargetDependency */,
			);
			name = "My ThriveTests";
			productName = "My ThriveTests";
			productReference = 9F0C54FE1F24F7E6003A12E4 /* My ThriveTests.xctest */;
			productType = "com.apple.product-type.bundle.unit-test";
		};
		9F0C55081F24F7E6003A12E4 /* My ThriveUITests */ = {
			isa = PBXNativeTarget;
			buildConfigurationList = 9F0C55181F24F7E6003A12E4 /* Build configuration list for PBXNativeTarget "My ThriveUITests" */;
			buildPhases = (
				9CDBCBBBB9F4E8E62874506C /* [CP] Check Pods Manifest.lock */,
				9F0C55051F24F7E6003A12E4 /* Sources */,
				9F0C55061F24F7E6003A12E4 /* Frameworks */,
				9F0C55071F24F7E6003A12E4 /* Resources */,
				F92E7D01A0C363EDB8A7C76D /* [CP] Embed Pods Frameworks */,
				F023E10E3BA7AFACB2B39CCE /* [CP] Copy Pods Resources */,
			);
			buildRules = (
			);
			dependencies = (
				9F0C550B1F24F7E6003A12E4 /* PBXTargetDependency */,
			);
			name = "My ThriveUITests";
			productName = "My ThriveUITests";
			productReference = 9F0C55091F24F7E6003A12E4 /* My ThriveUITests.xctest */;
			productType = "com.apple.product-type.bundle.ui-testing";
		};
		9F1ABA081F27E72A00C459CA /* My Thrive Watch */ = {
			isa = PBXNativeTarget;
			buildConfigurationList = 9F1ABA2D1F27E72A00C459CA /* Build configuration list for PBXNativeTarget "My Thrive Watch" */;
			buildPhases = (
				9F1ABA071F27E72A00C459CA /* Resources */,
				9F1ABA2C1F27E72A00C459CA /* Embed App Extensions */,
				87B075342841B892D572FD0A /* Frameworks */,
			);
			buildRules = (
			);
			dependencies = (
				9F1ABA181F27E72A00C459CA /* PBXTargetDependency */,
			);
			name = "My Thrive Watch";
			productName = "My Thrive Watch";
			productReference = 9F1ABA091F27E72A00C459CA /* My Thrive Watch.app */;
			productType = "com.apple.product-type.application.watchapp2";
		};
		9F1ABA141F27E72A00C459CA /* My Thrive Watch Extension */ = {
			isa = PBXNativeTarget;
			buildConfigurationList = 9F1ABA291F27E72A00C459CA /* Build configuration list for PBXNativeTarget "My Thrive Watch Extension" */;
			buildPhases = (
				52FAFB8C161D57538B97FF40 /* [CP] Check Pods Manifest.lock */,
				9F1ABA111F27E72A00C459CA /* Sources */,
				9F1ABA121F27E72A00C459CA /* Frameworks */,
				9F1ABA131F27E72A00C459CA /* Resources */,
				A95807861B3B7E328FEB73CC /* [CP] Embed Pods Frameworks */,
				306F1F24BB1B060388BE612F /* [CP] Copy Pods Resources */,
			);
			buildRules = (
			);
			dependencies = (
			);
			name = "My Thrive Watch Extension";
			productName = "My Thrive Watch Extension";
			productReference = 9F1ABA151F27E72A00C459CA /* My Thrive Watch Extension.appex */;
			productType = "com.apple.product-type.watchkit2-extension";
		};
/* End PBXNativeTarget section */

/* Begin PBXProject section */
		9F0C54DF1F24F7E5003A12E4 /* Project object */ = {
			isa = PBXProject;
			attributes = {
				LastSwiftUpdateCheck = 0830;
				LastUpgradeCheck = 0830;
				ORGANIZATIONNAME = "Kagan Ozupek";
				TargetAttributes = {
					9F0C54E61F24F7E5003A12E4 = {
						CreatedOnToolsVersion = 8.3.3;
						DevelopmentTeam = LQTS4P3TYP;
						ProvisioningStyle = Automatic;
					};
					9F0C54FD1F24F7E6003A12E4 = {
						CreatedOnToolsVersion = 8.3.3;
						DevelopmentTeam = LQTS4P3TYP;
						ProvisioningStyle = Automatic;
						TestTargetID = 9F0C54E61F24F7E5003A12E4;
					};
					9F0C55081F24F7E6003A12E4 = {
						CreatedOnToolsVersion = 8.3.3;
						DevelopmentTeam = LQTS4P3TYP;
						ProvisioningStyle = Automatic;
						TestTargetID = 9F0C54E61F24F7E5003A12E4;
					};
					9F1ABA081F27E72A00C459CA = {
						CreatedOnToolsVersion = 8.3.3;
						DevelopmentTeam = LQTS4P3TYP;
						ProvisioningStyle = Automatic;
					};
					9F1ABA141F27E72A00C459CA = {
						CreatedOnToolsVersion = 8.3.3;
						DevelopmentTeam = LQTS4P3TYP;
						LastSwiftMigration = 0830;
						ProvisioningStyle = Automatic;
					};
				};
			};
			buildConfigurationList = 9F0C54E21F24F7E5003A12E4 /* Build configuration list for PBXProject "My Thrive" */;
			compatibilityVersion = "Xcode 3.2";
			developmentRegion = English;
			hasScannedForEncodings = 0;
			knownRegions = (
				en,
				Base,
			);
			mainGroup = 9F0C54DE1F24F7E5003A12E4;
			productRefGroup = 9F0C54E81F24F7E5003A12E4 /* Products */;
			projectDirPath = "";
			projectRoot = "";
			targets = (
				9F0C54E61F24F7E5003A12E4 /* My Thrive */,
				9F0C54FD1F24F7E6003A12E4 /* My ThriveTests */,
				9F0C55081F24F7E6003A12E4 /* My ThriveUITests */,
				9F1ABA081F27E72A00C459CA /* My Thrive Watch */,
				9F1ABA141F27E72A00C459CA /* My Thrive Watch Extension */,
			);
		};
/* End PBXProject section */

/* Begin PBXResourcesBuildPhase section */
		9F0C54E51F24F7E5003A12E4 /* Resources */ = {
			isa = PBXResourcesBuildPhase;
			buildActionMask = 2147483647;
			files = (
				9F0C54F81F24F7E5003A12E4 /* LaunchScreen.storyboard in Resources */,
				9F24AABA1F28D3190096C8C6 /* BookNowController.xib in Resources */,
				9FD6B4BA1F26513300700499 /* THDateCell.xib in Resources */,
				9F1ABA021F27DB7A00C459CA /* SideBarController.xib in Resources */,
				9F24AABC1F28D8C40096C8C6 /* BookFormItem.xib in Resources */,
				9F0C54F51F24F7E5003A12E4 /* Assets.xcassets in Resources */,
				9F24AAC41F2918B50096C8C6 /* THEventEmptyCell.xib in Resources */,
				9FFB28721F25265C005C19F8 /* THEventCellTableViewCell.xib in Resources */,
				9F0C55261F24FF81003A12E4 /* THTableHeaderView.xib in Resources */,
				9F1AB9FE1F27D80800C459CA /* MainController~ipad.xib in Resources */,
				9F24AAC61F291ECE0096C8C6 /* BookNowController~ipad.xib in Resources */,
				9FD6B4B61F2650F100700499 /* bemetest.json in Resources */,
				9F0C551F1F24F8D8003A12E4 /* MainController.xib in Resources */,
			);
			runOnlyForDeploymentPostprocessing = 0;
		};
		9F0C54FC1F24F7E6003A12E4 /* Resources */ = {
			isa = PBXResourcesBuildPhase;
			buildActionMask = 2147483647;
			files = (
			);
			runOnlyForDeploymentPostprocessing = 0;
		};
		9F0C55071F24F7E6003A12E4 /* Resources */ = {
			isa = PBXResourcesBuildPhase;
			buildActionMask = 2147483647;
			files = (
			);
			runOnlyForDeploymentPostprocessing = 0;
		};
		9F1ABA071F27E72A00C459CA /* Resources */ = {
			isa = PBXResourcesBuildPhase;
			buildActionMask = 2147483647;
			files = (
				9F1ABA0F1F27E72A00C459CA /* Assets.xcassets in Resources */,
				9F1ABA0D1F27E72A00C459CA /* Interface.storyboard in Resources */,
			);
			runOnlyForDeploymentPostprocessing = 0;
		};
		9F1ABA131F27E72A00C459CA /* Resources */ = {
			isa = PBXResourcesBuildPhase;
			buildActionMask = 2147483647;
			files = (
				9F1ABA401F27F88F00C459CA /* bemetest.json in Resources */,
				9F1ABA231F27E72A00C459CA /* Assets.xcassets in Resources */,
			);
			runOnlyForDeploymentPostprocessing = 0;
		};
/* End PBXResourcesBuildPhase section */

/* Begin PBXShellScriptBuildPhase section */
		09E1DF40AF465F82E5321B14 /* [CP] Check Pods Manifest.lock */ = {
			isa = PBXShellScriptBuildPhase;
			buildActionMask = 2147483647;
			files = (
			);
			inputPaths = (
			);
			name = "[CP] Check Pods Manifest.lock";
			outputPaths = (
			);
			runOnlyForDeploymentPostprocessing = 0;
			shellPath = /bin/sh;
			shellScript = "diff \"${PODS_ROOT}/../Podfile.lock\" \"${PODS_ROOT}/Manifest.lock\" > /dev/null\nif [ $? != 0 ] ; then\n    # print error to STDERR\n    echo \"error: The sandbox is not in sync with the Podfile.lock. Run 'pod install' or update your CocoaPods installation.\" >&2\n    exit 1\nfi\n";
			showEnvVarsInLog = 0;
		};
		24C15167489134D50652C793 /* [CP] Embed Pods Frameworks */ = {
			isa = PBXShellScriptBuildPhase;
			buildActionMask = 2147483647;
			files = (
			);
			inputPaths = (
			);
			name = "[CP] Embed Pods Frameworks";
			outputPaths = (
			);
			runOnlyForDeploymentPostprocessing = 0;
			shellPath = /bin/sh;
			shellScript = "\"${SRCROOT}/Pods/Target Support Files/Pods-My ThriveTests/Pods-My ThriveTests-frameworks.sh\"\n";
			showEnvVarsInLog = 0;
		};
		306F1F24BB1B060388BE612F /* [CP] Copy Pods Resources */ = {
			isa = PBXShellScriptBuildPhase;
			buildActionMask = 2147483647;
			files = (
			);
			inputPaths = (
			);
			name = "[CP] Copy Pods Resources";
			outputPaths = (
			);
			runOnlyForDeploymentPostprocessing = 0;
			shellPath = /bin/sh;
			shellScript = "\"${SRCROOT}/Pods/Target Support Files/Pods-My Thrive Watch Extension/Pods-My Thrive Watch Extension-resources.sh\"\n";
			showEnvVarsInLog = 0;
		};
		52FAFB8C161D57538B97FF40 /* [CP] Check Pods Manifest.lock */ = {
			isa = PBXShellScriptBuildPhase;
			buildActionMask = 2147483647;
			files = (
			);
			inputPaths = (
			);
			name = "[CP] Check Pods Manifest.lock";
			outputPaths = (
			);
			runOnlyForDeploymentPostprocessing = 0;
			shellPath = /bin/sh;
			shellScript = "diff \"${PODS_ROOT}/../Podfile.lock\" \"${PODS_ROOT}/Manifest.lock\" > /dev/null\nif [ $? != 0 ] ; then\n    # print error to STDERR\n    echo \"error: The sandbox is not in sync with the Podfile.lock. Run 'pod install' or update your CocoaPods installation.\" >&2\n    exit 1\nfi\n";
			showEnvVarsInLog = 0;
		};
		8C5C9229A29C9DDBA6763380 /* [CP] Copy Pods Resources */ = {
			isa = PBXShellScriptBuildPhase;
			buildActionMask = 2147483647;
			files = (
			);
			inputPaths = (
			);
			name = "[CP] Copy Pods Resources";
			outputPaths = (
			);
			runOnlyForDeploymentPostprocessing = 0;
			shellPath = /bin/sh;
			shellScript = "\"${SRCROOT}/Pods/Target Support Files/Pods-My Thrive/Pods-My Thrive-resources.sh\"\n";
			showEnvVarsInLog = 0;
		};
		9CDBCBBBB9F4E8E62874506C /* [CP] Check Pods Manifest.lock */ = {
			isa = PBXShellScriptBuildPhase;
			buildActionMask = 2147483647;
			files = (
			);
			inputPaths = (
			);
			name = "[CP] Check Pods Manifest.lock";
			outputPaths = (
			);
			runOnlyForDeploymentPostprocessing = 0;
			shellPath = /bin/sh;
			shellScript = "diff \"${PODS_ROOT}/../Podfile.lock\" \"${PODS_ROOT}/Manifest.lock\" > /dev/null\nif [ $? != 0 ] ; then\n    # print error to STDERR\n    echo \"error: The sandbox is not in sync with the Podfile.lock. Run 'pod install' or update your CocoaPods installation.\" >&2\n    exit 1\nfi\n";
			showEnvVarsInLog = 0;
		};
		A95807861B3B7E328FEB73CC /* [CP] Embed Pods Frameworks */ = {
			isa = PBXShellScriptBuildPhase;
			buildActionMask = 2147483647;
			files = (
			);
			inputPaths = (
			);
			name = "[CP] Embed Pods Frameworks";
			outputPaths = (
			);
			runOnlyForDeploymentPostprocessing = 0;
			shellPath = /bin/sh;
			shellScript = "\"${SRCROOT}/Pods/Target Support Files/Pods-My Thrive Watch Extension/Pods-My Thrive Watch Extension-frameworks.sh\"\n";
			showEnvVarsInLog = 0;
		};
		AD3DC8705B7A4F2E18191062 /* [CP] Copy Pods Resources */ = {
			isa = PBXShellScriptBuildPhase;
			buildActionMask = 2147483647;
			files = (
			);
			inputPaths = (
			);
			name = "[CP] Copy Pods Resources";
			outputPaths = (
			);
			runOnlyForDeploymentPostprocessing = 0;
			shellPath = /bin/sh;
			shellScript = "\"${SRCROOT}/Pods/Target Support Files/Pods-My ThriveTests/Pods-My ThriveTests-resources.sh\"\n";
			showEnvVarsInLog = 0;
		};
		C7D30D0DB66104ED7D6ADCB0 /* [CP] Check Pods Manifest.lock */ = {
			isa = PBXShellScriptBuildPhase;
			buildActionMask = 2147483647;
			files = (
			);
			inputPaths = (
			);
			name = "[CP] Check Pods Manifest.lock";
			outputPaths = (
			);
			runOnlyForDeploymentPostprocessing = 0;
			shellPath = /bin/sh;
			shellScript = "diff \"${PODS_ROOT}/../Podfile.lock\" \"${PODS_ROOT}/Manifest.lock\" > /dev/null\nif [ $? != 0 ] ; then\n    # print error to STDERR\n    echo \"error: The sandbox is not in sync with the Podfile.lock. Run 'pod install' or update your CocoaPods installation.\" >&2\n    exit 1\nfi\n";
			showEnvVarsInLog = 0;
		};
		ECB7B15F4AE6C587C6AE4A51 /* [CP] Embed Pods Frameworks */ = {
			isa = PBXShellScriptBuildPhase;
			buildActionMask = 2147483647;
			files = (
			);
			inputPaths = (
			);
			name = "[CP] Embed Pods Frameworks";
			outputPaths = (
			);
			runOnlyForDeploymentPostprocessing = 0;
			shellPath = /bin/sh;
			shellScript = "\"${SRCROOT}/Pods/Target Support Files/Pods-My Thrive/Pods-My Thrive-frameworks.sh\"\n";
			showEnvVarsInLog = 0;
		};
		F023E10E3BA7AFACB2B39CCE /* [CP] Copy Pods Resources */ = {
			isa = PBXShellScriptBuildPhase;
			buildActionMask = 2147483647;
			files = (
			);
			inputPaths = (
			);
			name = "[CP] Copy Pods Resources";
			outputPaths = (
			);
			runOnlyForDeploymentPostprocessing = 0;
			shellPath = /bin/sh;
			shellScript = "\"${SRCROOT}/Pods/Target Support Files/Pods-My ThriveUITests/Pods-My ThriveUITests-resources.sh\"\n";
			showEnvVarsInLog = 0;
		};
		F92E7D01A0C363EDB8A7C76D /* [CP] Embed Pods Frameworks */ = {
			isa = PBXShellScriptBuildPhase;
			buildActionMask = 2147483647;
			files = (
			);
			inputPaths = (
			);
			name = "[CP] Embed Pods Frameworks";
			outputPaths = (
			);
			runOnlyForDeploymentPostprocessing = 0;
			shellPath = /bin/sh;
			shellScript = "\"${SRCROOT}/Pods/Target Support Files/Pods-My ThriveUITests/Pods-My ThriveUITests-frameworks.sh\"\n";
			showEnvVarsInLog = 0;
		};
/* End PBXShellScriptBuildPhase section */

/* Begin PBXSourcesBuildPhase section */
		9F0C54E31F24F7E5003A12E4 /* Sources */ = {
			isa = PBXSourcesBuildPhase;
			buildActionMask = 2147483647;
			files = (
				9F24AAC31F2918B50096C8C6 /* THEventEmptyCell.swift in Sources */,
				9F5827711F2656020045A6CF /* THApi.swift in Sources */,
				9F0C55291F2503C9003A12E4 /* Constants.swift in Sources */,
				9F1ABA011F27DB7A00C459CA /* SideBarController.swift in Sources */,
				9FD6B4B91F26513300700499 /* THDateCell.swift in Sources */,
				9F24AAC01F28FCD40096C8C6 /* Validator.swift in Sources */,
				9FD6B4B31F26504A00700499 /* Colors.swift in Sources */,
				9F0C54F31F24F7E5003A12E4 /* My_Thrive.xcdatamodeld in Sources */,
				9F24AAB91F28D3190096C8C6 /* BookNowController.swift in Sources */,
				9FD6B4B11F264FF600700499 /* Utils.swift in Sources */,
				9F58277D1F266F030045A6CF /* User.swift in Sources */,
				9F5827731F2656C00045A6CF /* THRequest.swift in Sources */,
				9F0C551E1F24F8D8003A12E4 /* MainController.swift in Sources */,
				9FFB28711F25265C005C19F8 /* THEventCellTableViewCell.swift in Sources */,
				9F41BC101F252A900030D07A /* EventTableSource.swift in Sources */,
				9FD57A3A1F267CC40089B714 /* RealmHelper.swift in Sources */,
				9F0C55221F24FF40003A12E4 /* THTableHeaderView.swift in Sources */,
				9F24AABE1F28DA100096C8C6 /* BookFormItem.swift in Sources */,
				9F0C54EB1F24F7E5003A12E4 /* AppDelegate.swift in Sources */,
				9F5827761F265FEB0045A6CF /* Event.swift in Sources */,
				9F5827791F2660240045A6CF /* GetEventResponse.swift in Sources */,
				9F0C552B1F250BB2003A12E4 /* BaseViewController.swift in Sources */,
			);
			runOnlyForDeploymentPostprocessing = 0;
		};
		9F0C54FA1F24F7E6003A12E4 /* Sources */ = {
			isa = PBXSourcesBuildPhase;
			buildActionMask = 2147483647;
			files = (
				9F0C55031F24F7E6003A12E4 /* My_ThriveTests.swift in Sources */,
			);
			runOnlyForDeploymentPostprocessing = 0;
		};
		9F0C55051F24F7E6003A12E4 /* Sources */ = {
			isa = PBXSourcesBuildPhase;
			buildActionMask = 2147483647;
			files = (
				9F0C550E1F24F7E6003A12E4 /* My_ThriveUITests.swift in Sources */,
			);
			runOnlyForDeploymentPostprocessing = 0;
		};
		9F1ABA111F27E72A00C459CA /* Sources */ = {
			isa = PBXSourcesBuildPhase;
			buildActionMask = 2147483647;
			files = (
				9F1ABA371F27F48300C459CA /* Constants.swift in Sources */,
				9F1ABA3D1F27F61D00C459CA /* Event.swift in Sources */,
				9F1ABA3C1F27F4A700C459CA /* RealmHelper.swift in Sources */,
				9F1ABA211F27E72A00C459CA /* NotificationController.swift in Sources */,
				9F1ABA3B1F27F4A300C459CA /* THRequest.swift in Sources */,
				9F1ABA1F1F27E72A00C459CA /* ExtensionDelegate.swift in Sources */,
				9F1ABA391F27F49300C459CA /* Colors.swift in Sources */,
				9F1ABA3F1F27F62C00C459CA /* GetEventResponse.swift in Sources */,
				9F1ABA3A1F27F49E00C459CA /* THApi.swift in Sources */,
				9F1ABA3E1F27F62100C459CA /* User.swift in Sources */,
				9F1ABA361F27F22500C459CA /* THWatchEventCell.swift in Sources */,
				9F1ABA1D1F27E72A00C459CA /* InterfaceController.swift in Sources */,
				9F1ABA381F27F48C00C459CA /* Utils.swift in Sources */,
			);
			runOnlyForDeploymentPostprocessing = 0;
		};
/* End PBXSourcesBuildPhase section */

/* Begin PBXTargetDependency section */
		9F0C55001F24F7E6003A12E4 /* PBXTargetDependency */ = {
			isa = PBXTargetDependency;
			target = 9F0C54E61F24F7E5003A12E4 /* My Thrive */;
			targetProxy = 9F0C54FF1F24F7E6003A12E4 /* PBXContainerItemProxy */;
		};
		9F0C550B1F24F7E6003A12E4 /* PBXTargetDependency */ = {
			isa = PBXTargetDependency;
			target = 9F0C54E61F24F7E5003A12E4 /* My Thrive */;
			targetProxy = 9F0C550A1F24F7E6003A12E4 /* PBXContainerItemProxy */;
		};
		9F1ABA181F27E72A00C459CA /* PBXTargetDependency */ = {
			isa = PBXTargetDependency;
			target = 9F1ABA141F27E72A00C459CA /* My Thrive Watch Extension */;
			targetProxy = 9F1ABA171F27E72A00C459CA /* PBXContainerItemProxy */;
		};
		9F1ABA261F27E72A00C459CA /* PBXTargetDependency */ = {
			isa = PBXTargetDependency;
			target = 9F1ABA081F27E72A00C459CA /* My Thrive Watch */;
			targetProxy = 9F1ABA251F27E72A00C459CA /* PBXContainerItemProxy */;
		};
/* End PBXTargetDependency section */

/* Begin PBXVariantGroup section */
		9F0C54F61F24F7E5003A12E4 /* LaunchScreen.storyboard */ = {
			isa = PBXVariantGroup;
			children = (
				9F0C54F71F24F7E5003A12E4 /* Base */,
			);
			name = LaunchScreen.storyboard;
			sourceTree = "<group>";
		};
		9F1ABA0B1F27E72A00C459CA /* Interface.storyboard */ = {
			isa = PBXVariantGroup;
			children = (
				9F1ABA0C1F27E72A00C459CA /* Base */,
			);
			name = Interface.storyboard;
			sourceTree = "<group>";
		};
/* End PBXVariantGroup section */

/* Begin XCBuildConfiguration section */
		9F0C55101F24F7E6003A12E4 /* Debug */ = {
			isa = XCBuildConfiguration;
			buildSettings = {
				ALWAYS_SEARCH_USER_PATHS = NO;
				CLANG_ANALYZER_NONNULL = YES;
				CLANG_ANALYZER_NUMBER_OBJECT_CONVERSION = YES_AGGRESSIVE;
				CLANG_CXX_LANGUAGE_STANDARD = "gnu++0x";
				CLANG_CXX_LIBRARY = "libc++";
				CLANG_ENABLE_MODULES = YES;
				CLANG_ENABLE_OBJC_ARC = YES;
				CLANG_WARN_BOOL_CONVERSION = YES;
				CLANG_WARN_CONSTANT_CONVERSION = YES;
				CLANG_WARN_DIRECT_OBJC_ISA_USAGE = YES_ERROR;
				CLANG_WARN_DOCUMENTATION_COMMENTS = YES;
				CLANG_WARN_EMPTY_BODY = YES;
				CLANG_WARN_ENUM_CONVERSION = YES;
				CLANG_WARN_INFINITE_RECURSION = YES;
				CLANG_WARN_INT_CONVERSION = YES;
				CLANG_WARN_OBJC_ROOT_CLASS = YES_ERROR;
				CLANG_WARN_SUSPICIOUS_MOVE = YES;
				CLANG_WARN_UNREACHABLE_CODE = YES;
				CLANG_WARN__DUPLICATE_METHOD_MATCH = YES;
				"CODE_SIGN_IDENTITY[sdk=iphoneos*]" = "iPhone Developer";
				COPY_PHASE_STRIP = NO;
				DEBUG_INFORMATION_FORMAT = dwarf;
				ENABLE_STRICT_OBJC_MSGSEND = YES;
				ENABLE_TESTABILITY = YES;
				GCC_C_LANGUAGE_STANDARD = gnu99;
				GCC_DYNAMIC_NO_PIC = NO;
				GCC_NO_COMMON_BLOCKS = YES;
				GCC_OPTIMIZATION_LEVEL = 0;
				GCC_PREPROCESSOR_DEFINITIONS = (
					"DEBUG=1",
					"$(inherited)",
				);
				GCC_WARN_64_TO_32_BIT_CONVERSION = YES;
				GCC_WARN_ABOUT_RETURN_TYPE = YES_ERROR;
				GCC_WARN_UNDECLARED_SELECTOR = YES;
				GCC_WARN_UNINITIALIZED_AUTOS = YES_AGGRESSIVE;
				GCC_WARN_UNUSED_FUNCTION = YES;
				GCC_WARN_UNUSED_VARIABLE = YES;
				IPHONEOS_DEPLOYMENT_TARGET = 10.3;
				MTL_ENABLE_DEBUG_INFO = YES;
				ONLY_ACTIVE_ARCH = YES;
				OTHER_SWIFT_FLAGS = "-DWATCH";
				SDKROOT = iphoneos;
				SWIFT_ACTIVE_COMPILATION_CONDITIONS = DEBUG;
				SWIFT_OPTIMIZATION_LEVEL = "-Onone";
				TARGETED_DEVICE_FAMILY = "1,2";
			};
			name = Debug;
		};
		9F0C55111F24F7E6003A12E4 /* Release */ = {
			isa = XCBuildConfiguration;
			buildSettings = {
				ALWAYS_SEARCH_USER_PATHS = NO;
				CLANG_ANALYZER_NONNULL = YES;
				CLANG_ANALYZER_NUMBER_OBJECT_CONVERSION = YES_AGGRESSIVE;
				CLANG_CXX_LANGUAGE_STANDARD = "gnu++0x";
				CLANG_CXX_LIBRARY = "libc++";
				CLANG_ENABLE_MODULES = YES;
				CLANG_ENABLE_OBJC_ARC = YES;
				CLANG_WARN_BOOL_CONVERSION = YES;
				CLANG_WARN_CONSTANT_CONVERSION = YES;
				CLANG_WARN_DIRECT_OBJC_ISA_USAGE = YES_ERROR;
				CLANG_WARN_DOCUMENTATION_COMMENTS = YES;
				CLANG_WARN_EMPTY_BODY = YES;
				CLANG_WARN_ENUM_CONVERSION = YES;
				CLANG_WARN_INFINITE_RECURSION = YES;
				CLANG_WARN_INT_CONVERSION = YES;
				CLANG_WARN_OBJC_ROOT_CLASS = YES_ERROR;
				CLANG_WARN_SUSPICIOUS_MOVE = YES;
				CLANG_WARN_UNREACHABLE_CODE = YES;
				CLANG_WARN__DUPLICATE_METHOD_MATCH = YES;
				"CODE_SIGN_IDENTITY[sdk=iphoneos*]" = "iPhone Developer";
				COPY_PHASE_STRIP = NO;
				DEBUG_INFORMATION_FORMAT = "dwarf-with-dsym";
				ENABLE_NS_ASSERTIONS = NO;
				ENABLE_STRICT_OBJC_MSGSEND = YES;
				GCC_C_LANGUAGE_STANDARD = gnu99;
				GCC_NO_COMMON_BLOCKS = YES;
				GCC_WARN_64_TO_32_BIT_CONVERSION = YES;
				GCC_WARN_ABOUT_RETURN_TYPE = YES_ERROR;
				GCC_WARN_UNDECLARED_SELECTOR = YES;
				GCC_WARN_UNINITIALIZED_AUTOS = YES_AGGRESSIVE;
				GCC_WARN_UNUSED_FUNCTION = YES;
				GCC_WARN_UNUSED_VARIABLE = YES;
				IPHONEOS_DEPLOYMENT_TARGET = 10.3;
				MTL_ENABLE_DEBUG_INFO = NO;
				OTHER_SWIFT_FLAGS = "-DWATCH";
				SDKROOT = iphoneos;
				SWIFT_OPTIMIZATION_LEVEL = "-Owholemodule";
				TARGETED_DEVICE_FAMILY = "1,2";
				VALIDATE_PRODUCT = YES;
			};
			name = Release;
		};
		9F0C55131F24F7E6003A12E4 /* Debug */ = {
			isa = XCBuildConfiguration;
			baseConfigurationReference = B4D01D837E269D7BB14A1F0A /* Pods-My Thrive.debug.xcconfig */;
			buildSettings = {
				ASSETCATALOG_COMPILER_APPICON_NAME = AppIcon;
				DEVELOPMENT_TEAM = LQTS4P3TYP;
				INFOPLIST_FILE = "My Thrive/Info.plist";
				IPHONEOS_DEPLOYMENT_TARGET = 10.0;
				LD_RUNPATH_SEARCH_PATHS = "$(inherited) @executable_path/Frameworks";
				PRODUCT_BUNDLE_IDENTIFIER = com.beme.mythrive;
				PRODUCT_NAME = "$(TARGET_NAME)";
				SWIFT_VERSION = 3.0;
			};
			name = Debug;
		};
		9F0C55141F24F7E6003A12E4 /* Release */ = {
			isa = XCBuildConfiguration;
			baseConfigurationReference = 63B31CA701FB7651060F34EE /* Pods-My Thrive.release.xcconfig */;
			buildSettings = {
				ASSETCATALOG_COMPILER_APPICON_NAME = AppIcon;
				DEVELOPMENT_TEAM = LQTS4P3TYP;
				INFOPLIST_FILE = "My Thrive/Info.plist";
				IPHONEOS_DEPLOYMENT_TARGET = 10.0;
				LD_RUNPATH_SEARCH_PATHS = "$(inherited) @executable_path/Frameworks";
				PRODUCT_BUNDLE_IDENTIFIER = com.beme.mythrive;
				PRODUCT_NAME = "$(TARGET_NAME)";
				SWIFT_VERSION = 3.0;
			};
			name = Release;
		};
		9F0C55161F24F7E6003A12E4 /* Debug */ = {
			isa = XCBuildConfiguration;
			baseConfigurationReference = AE2D0354CCED175164C4C21E /* Pods-My ThriveTests.debug.xcconfig */;
			buildSettings = {
				ALWAYS_EMBED_SWIFT_STANDARD_LIBRARIES = YES;
				BUNDLE_LOADER = "$(TEST_HOST)";
				DEVELOPMENT_TEAM = LQTS4P3TYP;
				INFOPLIST_FILE = "My ThriveTests/Info.plist";
				LD_RUNPATH_SEARCH_PATHS = "$(inherited) @executable_path/Frameworks @loader_path/Frameworks";
				PRODUCT_BUNDLE_IDENTIFIER = "com.beme.My-ThriveTests";
				PRODUCT_NAME = "$(TARGET_NAME)";
				SWIFT_VERSION = 3.0;
				TEST_HOST = "$(BUILT_PRODUCTS_DIR)/My Thrive.app/My Thrive";
			};
			name = Debug;
		};
		9F0C55171F24F7E6003A12E4 /* Release */ = {
			isa = XCBuildConfiguration;
			baseConfigurationReference = 9479D20F3EA338F18467AAD8 /* Pods-My ThriveTests.release.xcconfig */;
			buildSettings = {
				ALWAYS_EMBED_SWIFT_STANDARD_LIBRARIES = YES;
				BUNDLE_LOADER = "$(TEST_HOST)";
				DEVELOPMENT_TEAM = LQTS4P3TYP;
				INFOPLIST_FILE = "My ThriveTests/Info.plist";
				LD_RUNPATH_SEARCH_PATHS = "$(inherited) @executable_path/Frameworks @loader_path/Frameworks";
				PRODUCT_BUNDLE_IDENTIFIER = "com.beme.My-ThriveTests";
				PRODUCT_NAME = "$(TARGET_NAME)";
				SWIFT_VERSION = 3.0;
				TEST_HOST = "$(BUILT_PRODUCTS_DIR)/My Thrive.app/My Thrive";
			};
			name = Release;
		};
		9F0C55191F24F7E6003A12E4 /* Debug */ = {
			isa = XCBuildConfiguration;
			baseConfigurationReference = EA103FD5526D8F9A3BE91302 /* Pods-My ThriveUITests.debug.xcconfig */;
			buildSettings = {
				ALWAYS_EMBED_SWIFT_STANDARD_LIBRARIES = YES;
				DEVELOPMENT_TEAM = LQTS4P3TYP;
				INFOPLIST_FILE = "My ThriveUITests/Info.plist";
				LD_RUNPATH_SEARCH_PATHS = "$(inherited) @executable_path/Frameworks @loader_path/Frameworks";
				PRODUCT_BUNDLE_IDENTIFIER = "com.beme.My-ThriveUITests";
				PRODUCT_NAME = "$(TARGET_NAME)";
				SWIFT_VERSION = 3.0;
				TEST_TARGET_NAME = "My Thrive";
			};
			name = Debug;
		};
		9F0C551A1F24F7E6003A12E4 /* Release */ = {
			isa = XCBuildConfiguration;
			baseConfigurationReference = D364E09709E6C7E47541A131 /* Pods-My ThriveUITests.release.xcconfig */;
			buildSettings = {
				ALWAYS_EMBED_SWIFT_STANDARD_LIBRARIES = YES;
				DEVELOPMENT_TEAM = LQTS4P3TYP;
				INFOPLIST_FILE = "My ThriveUITests/Info.plist";
				LD_RUNPATH_SEARCH_PATHS = "$(inherited) @executable_path/Frameworks @loader_path/Frameworks";
				PRODUCT_BUNDLE_IDENTIFIER = "com.beme.My-ThriveUITests";
				PRODUCT_NAME = "$(TARGET_NAME)";
				SWIFT_VERSION = 3.0;
				TEST_TARGET_NAME = "My Thrive";
			};
			name = Release;
		};
		9F1ABA2A1F27E72A00C459CA /* Debug */ = {
			isa = XCBuildConfiguration;
			baseConfigurationReference = 9C62FC7F2BBBFEFCCBF63018 /* Pods-My Thrive Watch Extension.debug.xcconfig */;
			buildSettings = {
				ASSETCATALOG_COMPILER_COMPLICATION_NAME = Complication;
				CLANG_ENABLE_MODULES = YES;
				DEVELOPMENT_TEAM = LQTS4P3TYP;
				INFOPLIST_FILE = "My Thrive Watch Extension/Info.plist";
				LD_RUNPATH_SEARCH_PATHS = "$(inherited) @executable_path/Frameworks @executable_path/../../Frameworks";
				PRODUCT_BUNDLE_IDENTIFIER = com.beme.mythrive.watchkitapp.watchkitextension;
				PRODUCT_NAME = "${TARGET_NAME}";
				SDKROOT = watchos;
				SKIP_INSTALL = YES;
				SWIFT_OPTIMIZATION_LEVEL = "-Onone";
				SWIFT_VERSION = 3.0;
				TARGETED_DEVICE_FAMILY = 4;
				WATCHOS_DEPLOYMENT_TARGET = 3.2;
			};
			name = Debug;
		};
		9F1ABA2B1F27E72A00C459CA /* Release */ = {
			isa = XCBuildConfiguration;
			baseConfigurationReference = F9A6BD74DE788BBBAB708084 /* Pods-My Thrive Watch Extension.release.xcconfig */;
			buildSettings = {
				ASSETCATALOG_COMPILER_COMPLICATION_NAME = Complication;
				CLANG_ENABLE_MODULES = YES;
				DEVELOPMENT_TEAM = LQTS4P3TYP;
				INFOPLIST_FILE = "My Thrive Watch Extension/Info.plist";
				LD_RUNPATH_SEARCH_PATHS = "$(inherited) @executable_path/Frameworks @executable_path/../../Frameworks";
				PRODUCT_BUNDLE_IDENTIFIER = com.beme.mythrive.watchkitapp.watchkitextension;
				PRODUCT_NAME = "${TARGET_NAME}";
				SDKROOT = watchos;
				SKIP_INSTALL = YES;
				SWIFT_VERSION = 3.0;
				TARGETED_DEVICE_FAMILY = 4;
				WATCHOS_DEPLOYMENT_TARGET = 3.2;
			};
			name = Release;
		};
		9F1ABA2E1F27E72A00C459CA /* Debug */ = {
			isa = XCBuildConfiguration;
			buildSettings = {
				ALWAYS_EMBED_SWIFT_STANDARD_LIBRARIES = YES;
				ASSETCATALOG_COMPILER_APPICON_NAME = AppIcon;
				DEVELOPMENT_TEAM = LQTS4P3TYP;
				IBSC_MODULE = My_Thrive_Watch_Extension;
				INFOPLIST_FILE = "My Thrive Watch/Info.plist";
				PRODUCT_BUNDLE_IDENTIFIER = com.beme.mythrive.watchkitapp;
				PRODUCT_NAME = "$(TARGET_NAME)";
				SDKROOT = watchos;
				SKIP_INSTALL = YES;
				SWIFT_VERSION = 3.0;
				TARGETED_DEVICE_FAMILY = 4;
				WATCHOS_DEPLOYMENT_TARGET = 3.2;
			};
			name = Debug;
		};
		9F1ABA2F1F27E72A00C459CA /* Release */ = {
			isa = XCBuildConfiguration;
			buildSettings = {
				ALWAYS_EMBED_SWIFT_STANDARD_LIBRARIES = YES;
				ASSETCATALOG_COMPILER_APPICON_NAME = AppIcon;
				DEVELOPMENT_TEAM = LQTS4P3TYP;
				IBSC_MODULE = My_Thrive_Watch_Extension;
				INFOPLIST_FILE = "My Thrive Watch/Info.plist";
				PRODUCT_BUNDLE_IDENTIFIER = com.beme.mythrive.watchkitapp;
				PRODUCT_NAME = "$(TARGET_NAME)";
				SDKROOT = watchos;
				SKIP_INSTALL = YES;
				SWIFT_VERSION = 3.0;
				TARGETED_DEVICE_FAMILY = 4;
				WATCHOS_DEPLOYMENT_TARGET = 3.2;
			};
			name = Release;
		};
/* End XCBuildConfiguration section */

/* Begin XCConfigurationList section */
		9F0C54E21F24F7E5003A12E4 /* Build configuration list for PBXProject "My Thrive" */ = {
			isa = XCConfigurationList;
			buildConfigurations = (
				9F0C55101F24F7E6003A12E4 /* Debug */,
				9F0C55111F24F7E6003A12E4 /* Release */,
			);
			defaultConfigurationIsVisible = 0;
			defaultConfigurationName = Release;
		};
		9F0C55121F24F7E6003A12E4 /* Build configuration list for PBXNativeTarget "My Thrive" */ = {
			isa = XCConfigurationList;
			buildConfigurations = (
				9F0C55131F24F7E6003A12E4 /* Debug */,
				9F0C55141F24F7E6003A12E4 /* Release */,
			);
			defaultConfigurationIsVisible = 0;
			defaultConfigurationName = Release;
		};
		9F0C55151F24F7E6003A12E4 /* Build configuration list for PBXNativeTarget "My ThriveTests" */ = {
			isa = XCConfigurationList;
			buildConfigurations = (
				9F0C55161F24F7E6003A12E4 /* Debug */,
				9F0C55171F24F7E6003A12E4 /* Release */,
			);
			defaultConfigurationIsVisible = 0;
			defaultConfigurationName = Release;
		};
		9F0C55181F24F7E6003A12E4 /* Build configuration list for PBXNativeTarget "My ThriveUITests" */ = {
			isa = XCConfigurationList;
			buildConfigurations = (
				9F0C55191F24F7E6003A12E4 /* Debug */,
				9F0C551A1F24F7E6003A12E4 /* Release */,
			);
			defaultConfigurationIsVisible = 0;
			defaultConfigurationName = Release;
		};
		9F1ABA291F27E72A00C459CA /* Build configuration list for PBXNativeTarget "My Thrive Watch Extension" */ = {
			isa = XCConfigurationList;
			buildConfigurations = (
				9F1ABA2A1F27E72A00C459CA /* Debug */,
				9F1ABA2B1F27E72A00C459CA /* Release */,
			);
			defaultConfigurationIsVisible = 0;
			defaultConfigurationName = Release;
		};
		9F1ABA2D1F27E72A00C459CA /* Build configuration list for PBXNativeTarget "My Thrive Watch" */ = {
			isa = XCConfigurationList;
			buildConfigurations = (
				9F1ABA2E1F27E72A00C459CA /* Debug */,
				9F1ABA2F1F27E72A00C459CA /* Release */,
			);
			defaultConfigurationIsVisible = 0;
			defaultConfigurationName = Release;
		};
/* End XCConfigurationList section */

/* Begin XCVersionGroup section */
		9F0C54F11F24F7E5003A12E4 /* My_Thrive.xcdatamodeld */ = {
			isa = XCVersionGroup;
			children = (
				9F0C54F21F24F7E5003A12E4 /* My_Thrive.xcdatamodel */,
			);
			currentVersion = 9F0C54F21F24F7E5003A12E4 /* My_Thrive.xcdatamodel */;
			path = My_Thrive.xcdatamodeld;
			sourceTree = "<group>";
			versionGroupType = wrapper.xcdatamodel;
		};
/* End XCVersionGroup section */
	};
	rootObject = 9F0C54DF1F24F7E5003A12E4 /* Project object */;
}
